
Microsoft Visual Studio Solution File, Format Version 12.00
# Visual Studio Version 16
VisualStudioVersion = 16.0.34031.81
MinimumVisualStudioVersion = 10.0.40219.1
Project("{2150E333-8FDC-42A3-9474-1A3956D46DE8}") = "Task0", "Task0", "{2615EC21-AEE1-46D4-86D4-9057C16F73C6}"
EndProject
Project("{FAE04EC0-301F-11D3-BF4B-00C04F79EFBC}") = "Tyuiu.TretyakovDV.Sprint4.Task0.V22", "Tyuiu.TretyakovDV.Sprint4.Task0.V22\Tyuiu.TretyakovDV.Sprint4.Task0.V22.csproj", "{005FDB2B-F271-4A0C-AA53-B9A7745D0BC6}"
EndProject
Project("{FAE04EC0-301F-11D3-BF4B-00C04F79EFBC}") = "Tyuiu.TretyakovDV.Sprint4.Task0.V22.Test", "Tyuiu.TretyakovDV.Sprint4.Task0.V22.Test\Tyuiu.TretyakovDV.Sprint4.Task0.V22.Test.csproj", "{D242F3E4-0044-49A4-8400-39042F346E33}"
EndProject
Project("{FAE04EC0-301F-11D3-BF4B-00C04F79EFBC}") = "Tyuiu.TretyakovDV.Sprint4.Task0.V22.Lib", "Tyuiu.TretyakovDV.Sprint4.Task0.V22.Lib\Tyuiu.TretyakovDV.Sprint4.Task0.V22.Lib.csproj", "{97D7AFB0-77B1-4B1B-8AF6-C400DCC8B1AA}"
EndProject
Project("{2150E333-8FDC-42A3-9474-1A3956D46DE8}") = "Task1", "Task1", "{87A6BD06-8DE5-4197-A7F6-5FEBD3D8029A}"
EndProject
Project("{2150E333-8FDC-42A3-9474-1A3956D46DE8}") = "Task2", "Task2", "{ED232F65-CCEA-49F0-9A19-3C6FB972BA40}"
EndProject
Project("{2150E333-8FDC-42A3-9474-1A3956D46DE8}") = "Task3", "Task3", "{AD01EC39-8CD3-4F55-AE0C-7259491D9258}"
EndProject
Project("{2150E333-8FDC-42A3-9474-1A3956D46DE8}") = "Task4", "Task4", "{22CE3937-7FCE-4F5B-A934-9531E9152582}"
EndProject
Project("{2150E333-8FDC-42A3-9474-1A3956D46DE8}") = "Task5", "Task5", "{EA1532E4-BBA8-44EC-9A73-7672E1956993}"
EndProject
Project("{2150E333-8FDC-42A3-9474-1A3956D46DE8}") = "Task6", "Task6", "{60E647D3-875C-440B-AF85-DB6BA5C748B6}"
EndProject
Project("{2150E333-8FDC-42A3-9474-1A3956D46DE8}") = "Task7", "Task7", "{EEDF247E-2F4F-4FB0-984E-76695F7BEA13}"
EndProject
Project("{FAE04EC0-301F-11D3-BF4B-00C04F79EFBC}") = "Tyuiu.TretyakovDV.Sprint4.Task1.V3", "Tyuiu.TretyakovDV.Sprint4.Task1.V3\Tyuiu.TretyakovDV.Sprint4.Task1.V3.csproj", "{D7F5569B-37BB-4715-85B2-42599824E53A}"
EndProject
Project("{FAE04EC0-301F-11D3-BF4B-00C04F79EFBC}") = "Tyuiu.TretyakovDV.Sprint4.Task1.V3.Lib", "Tyuiu.TretyakovDV.Sprint4.Task1.V3.Lib\Tyuiu.TretyakovDV.Sprint4.Task1.V3.Lib.csproj", "{335353E6-46AA-41E5-9AD0-3588A9E7EF02}"
EndProject
Project("{FAE04EC0-301F-11D3-BF4B-00C04F79EFBC}") = "Tyuiu.TretyakovDV.Sprint4.Task1.V3.Test", "Tyuiu.TretyakovDV.Sprint4.Task1.V3.Test\Tyuiu.TretyakovDV.Sprint4.Task1.V3.Test.csproj", "{34A2876F-C146-4C9A-8E06-D456982A2835}"
EndProject
Project("{FAE04EC0-301F-11D3-BF4B-00C04F79EFBC}") = "Tyuiu.TretyakovDV.Sprint4.Task2.V26", "Tyuiu.TretyakovDV.Sprint4.Task2.V26\Tyuiu.TretyakovDV.Sprint4.Task2.V26.csproj", "{44DF6AB4-6502-4B7F-BD61-692D9760D432}"
EndProject
Project("{FAE04EC0-301F-11D3-BF4B-00C04F79EFBC}") = "Tyuiu.TretyakovDV.Sprint4.Task2.V26.Test", "Tyuiu.TretyakovDV.Sprint4.Task2.V26.Test\Tyuiu.TretyakovDV.Sprint4.Task2.V26.Test.csproj", "{B2FE3B92-7D87-4274-B8EB-9116C4372B84}"
EndProject
Project("{FAE04EC0-301F-11D3-BF4B-00C04F79EFBC}") = "Tyuiu.TretyakovDV.Sprint4.Task2.V26.Lib", "Tyuiu.TretyakovDV.Sprint4.Task2.V26.Lib\Tyuiu.TretyakovDV.Sprint4.Task2.V26.Lib.csproj", "{C06D8185-C955-4826-A1B5-1B5AA5BC7396}"
EndProject
Project("{FAE04EC0-301F-11D3-BF4B-00C04F79EFBC}") = "Tyuiu.TretyakovDV.Sprint4.Task3.V24", "Tyuiu.TretyakovDV.Sprint4.Task3.V24\Tyuiu.TretyakovDV.Sprint4.Task3.V24.csproj", "{AC4107AF-A261-47EA-B0C6-D46BAC03B979}"
EndProject
Project("{FAE04EC0-301F-11D3-BF4B-00C04F79EFBC}") = "Tyuiu.TretyakovDV.Sprint4.Task3.V24.Lib", "Tyuiu.TretyakovDV.Sprint4.Task3.V24.Lib\Tyuiu.TretyakovDV.Sprint4.Task3.V24.Lib.csproj", "{C3BD8F4B-823A-49D7-8D1E-369A8C478F10}"
EndProject
Project("{FAE04EC0-301F-11D3-BF4B-00C04F79EFBC}") = "Tyuiu.TretyakovDV.Sprint4.Task3.V24.Test", "Tyuiu.TretyakovDV.Sprint4.Task3.V24.Test\Tyuiu.TretyakovDV.Sprint4.Task3.V24.Test.csproj", "{C0974E68-94AB-437F-90BF-CA3E595B516E}"
EndProject
Project("{FAE04EC0-301F-11D3-BF4B-00C04F79EFBC}") = "Tyuiu.TretyakovDV.Sprint4.Task4.V28", "Tyuiu.TretyakovDV.Sprint4.Task4.V28\Tyuiu.TretyakovDV.Sprint4.Task4.V28.csproj", "{F88111CD-ECCE-42DE-8B13-06B096965FB8}"
EndProject
Project("{FAE04EC0-301F-11D3-BF4B-00C04F79EFBC}") = "Tyuiu.TretyakovDV.Sprint4.Task4.V28.Test", "Tyuiu.TretyakovDV.Sprint4.Task4.V28.Test\Tyuiu.TretyakovDV.Sprint4.Task4.V28.Test.csproj", "{08DA4593-2251-401F-A08D-E0D604846593}"
EndProject
Project("{FAE04EC0-301F-11D3-BF4B-00C04F79EFBC}") = "Tyuiu.TretyakovDV.Sprint4.Task4.V28.Lib", "Tyuiu.TretyakovDV.Sprint4.Task4.V28.Lib\Tyuiu.TretyakovDV.Sprint4.Task4.V28.Lib.csproj", "{6AEDEF0F-55BE-4737-9B95-5A8A0C16A258}"
EndProject
Project("{FAE04EC0-301F-11D3-BF4B-00C04F79EFBC}") = "Tyuiu.TretyakovDV.Sprint4.Task5.V9", "Tyuiu.TretyakovDV.Sprint4.Task5.V9\Tyuiu.TretyakovDV.Sprint4.Task5.V9.csproj", "{A34864A6-6CA4-4C21-9356-E07025B6385D}"
EndProject
Project("{FAE04EC0-301F-11D3-BF4B-00C04F79EFBC}") = "Tyuiu.TretyakovDV.Sprint4.Task5.V9.Lib", "Tyuiu.TretyakovDV.Sprint4.Task5.V9.Lib\Tyuiu.TretyakovDV.Sprint4.Task5.V9.Lib.csproj", "{B8BA7914-D4FD-4535-85A7-1ABC50747194}"
EndProject
Project("{FAE04EC0-301F-11D3-BF4B-00C04F79EFBC}") = "Tyuiu.TretyakovDV.Sprint4.Task5.V9.Test", "Tyuiu.TretyakovDV.Sprint4.Task5.V9.Test\Tyuiu.TretyakovDV.Sprint4.Task5.V9.Test.csproj", "{D3BB22F6-9A8A-4E58-B4CB-A86BF181BABB}"
EndProject
Project("{FAE04EC0-301F-11D3-BF4B-00C04F79EFBC}") = "Tyuiu.TretyakovDV.Sprint4.Task6.V1", "Tyuiu.TretyakovDV.Sprint4.Task6.V1\Tyuiu.TretyakovDV.Sprint4.Task6.V1.csproj", "{1AAEF432-F5F2-492C-9CFC-123FA3063FC0}"
EndProject
Project("{FAE04EC0-301F-11D3-BF4B-00C04F79EFBC}") = "Tyuiu.TretyakovDV.Sprint4.Task6.V1.Test", "Tyuiu.TretyakovDV.Sprint4.Task6.V1.Test\Tyuiu.TretyakovDV.Sprint4.Task6.V1.Test.csproj", "{6E6BD7C5-191A-4D1E-8AD1-24577B956F37}"
EndProject
Project("{FAE04EC0-301F-11D3-BF4B-00C04F79EFBC}") = "Tyuiu.TretyakovDV.Sprint4.Task6.V1.Lib", "Tyuiu.TretyakovDV.Sprint4.Task6.V1.Lib\Tyuiu.TretyakovDV.Sprint4.Task6.V1.Lib.csproj", "{C81D7FE3-08A9-4239-B246-A30A7F86C0DD}"
EndProject
Global
	GlobalSection(SolutionConfigurationPlatforms) = preSolution
		Debug|Any CPU = Debug|Any CPU
		Release|Any CPU = Release|Any CPU
	EndGlobalSection
	GlobalSection(ProjectConfigurationPlatforms) = postSolution
		{005FDB2B-F271-4A0C-AA53-B9A7745D0BC6}.Debug|Any CPU.ActiveCfg = Debug|Any CPU
		{005FDB2B-F271-4A0C-AA53-B9A7745D0BC6}.Debug|Any CPU.Build.0 = Debug|Any CPU
		{005FDB2B-F271-4A0C-AA53-B9A7745D0BC6}.Release|Any CPU.ActiveCfg = Release|Any CPU
		{005FDB2B-F271-4A0C-AA53-B9A7745D0BC6}.Release|Any CPU.Build.0 = Release|Any CPU
		{D242F3E4-0044-49A4-8400-39042F346E33}.Debug|Any CPU.ActiveCfg = Debug|Any CPU
		{D242F3E4-0044-49A4-8400-39042F346E33}.Debug|Any CPU.Build.0 = Debug|Any CPU
		{D242F3E4-0044-49A4-8400-39042F346E33}.Release|Any CPU.ActiveCfg = Release|Any CPU
		{D242F3E4-0044-49A4-8400-39042F346E33}.Release|Any CPU.Build.0 = Release|Any CPU
		{97D7AFB0-77B1-4B1B-8AF6-C400DCC8B1AA}.Debug|Any CPU.ActiveCfg = Debug|Any CPU
		{97D7AFB0-77B1-4B1B-8AF6-C400DCC8B1AA}.Debug|Any CPU.Build.0 = Debug|Any CPU
		{97D7AFB0-77B1-4B1B-8AF6-C400DCC8B1AA}.Release|Any CPU.ActiveCfg = Release|Any CPU
		{97D7AFB0-77B1-4B1B-8AF6-C400DCC8B1AA}.Release|Any CPU.Build.0 = Release|Any CPU
		{D7F5569B-37BB-4715-85B2-42599824E53A}.Debug|Any CPU.ActiveCfg = Debug|Any CPU
		{D7F5569B-37BB-4715-85B2-42599824E53A}.Debug|Any CPU.Build.0 = Debug|Any CPU
		{D7F5569B-37BB-4715-85B2-42599824E53A}.Release|Any CPU.ActiveCfg = Release|Any CPU
		{D7F5569B-37BB-4715-85B2-42599824E53A}.Release|Any CPU.Build.0 = Release|Any CPU
		{335353E6-46AA-41E5-9AD0-3588A9E7EF02}.Debug|Any CPU.ActiveCfg = Debug|Any CPU
		{335353E6-46AA-41E5-9AD0-3588A9E7EF02}.Debug|Any CPU.Build.0 = Debug|Any CPU
		{335353E6-46AA-41E5-9AD0-3588A9E7EF02}.Release|Any CPU.ActiveCfg = Release|Any CPU
		{335353E6-46AA-41E5-9AD0-3588A9E7EF02}.Release|Any CPU.Build.0 = Release|Any CPU
		{34A2876F-C146-4C9A-8E06-D456982A2835}.Debug|Any CPU.ActiveCfg = Debug|Any CPU
		{34A2876F-C146-4C9A-8E06-D456982A2835}.Debug|Any CPU.Build.0 = Debug|Any CPU
		{34A2876F-C146-4C9A-8E06-D456982A2835}.Release|Any CPU.ActiveCfg = Release|Any CPU
		{34A2876F-C146-4C9A-8E06-D456982A2835}.Release|Any CPU.Build.0 = Release|Any CPU
		{44DF6AB4-6502-4B7F-BD61-692D9760D432}.Debug|Any CPU.ActiveCfg = Debug|Any CPU
		{44DF6AB4-6502-4B7F-BD61-692D9760D432}.Debug|Any CPU.Build.0 = Debug|Any CPU
		{44DF6AB4-6502-4B7F-BD61-692D9760D432}.Release|Any CPU.ActiveCfg = Release|Any CPU
		{44DF6AB4-6502-4B7F-BD61-692D9760D432}.Release|Any CPU.Build.0 = Release|Any CPU
		{B2FE3B92-7D87-4274-B8EB-9116C4372B84}.Debug|Any CPU.ActiveCfg = Debug|Any CPU
		{B2FE3B92-7D87-4274-B8EB-9116C4372B84}.Debug|Any CPU.Build.0 = Debug|Any CPU
		{B2FE3B92-7D87-4274-B8EB-9116C4372B84}.Release|Any CPU.ActiveCfg = Release|Any CPU
		{B2FE3B92-7D87-4274-B8EB-9116C4372B84}.Release|Any CPU.Build.0 = Release|Any CPU
		{C06D8185-C955-4826-A1B5-1B5AA5BC7396}.Debug|Any CPU.ActiveCfg = Debug|Any CPU
		{C06D8185-C955-4826-A1B5-1B5AA5BC7396}.Debug|Any CPU.Build.0 = Debug|Any CPU
		{C06D8185-C955-4826-A1B5-1B5AA5BC7396}.Release|Any CPU.ActiveCfg = Release|Any CPU
		{C06D8185-C955-4826-A1B5-1B5AA5BC7396}.Release|Any CPU.Build.0 = Release|Any CPU
		{AC4107AF-A261-47EA-B0C6-D46BAC03B979}.Debug|Any CPU.ActiveCfg = Debug|Any CPU
		{AC4107AF-A261-47EA-B0C6-D46BAC03B979}.Debug|Any CPU.Build.0 = Debug|Any CPU
		{AC4107AF-A261-47EA-B0C6-D46BAC03B979}.Release|Any CPU.ActiveCfg = Release|Any CPU
		{AC4107AF-A261-47EA-B0C6-D46BAC03B979}.Release|Any CPU.Build.0 = Release|Any CPU
		{C3BD8F4B-823A-49D7-8D1E-369A8C478F10}.Debug|Any CPU.ActiveCfg = Debug|Any CPU
		{C3BD8F4B-823A-49D7-8D1E-369A8C478F10}.Debug|Any CPU.Build.0 = Debug|Any CPU
		{C3BD8F4B-823A-49D7-8D1E-369A8C478F10}.Release|Any CPU.ActiveCfg = Release|Any CPU
		{C3BD8F4B-823A-49D7-8D1E-369A8C478F10}.Release|Any CPU.Build.0 = Release|Any CPU
		{C0974E68-94AB-437F-90BF-CA3E595B516E}.Debug|Any CPU.ActiveCfg = Debug|Any CPU
		{C0974E68-94AB-437F-90BF-CA3E595B516E}.Debug|Any CPU.Build.0 = Debug|Any CPU
		{C0974E68-94AB-437F-90BF-CA3E595B516E}.Release|Any CPU.ActiveCfg = Release|Any CPU
		{C0974E68-94AB-437F-90BF-CA3E595B516E}.Release|Any CPU.Build.0 = Release|Any CPU
		{F88111CD-ECCE-42DE-8B13-06B096965FB8}.Debug|Any CPU.ActiveCfg = Debug|Any CPU
		{F88111CD-ECCE-42DE-8B13-06B096965FB8}.Debug|Any CPU.Build.0 = Debug|Any CPU
		{F88111CD-ECCE-42DE-8B13-06B096965FB8}.Release|Any CPU.ActiveCfg = Release|Any CPU
		{F88111CD-ECCE-42DE-8B13-06B096965FB8}.Release|Any CPU.Build.0 = Release|Any CPU
		{08DA4593-2251-401F-A08D-E0D604846593}.Debug|Any CPU.ActiveCfg = Debug|Any CPU
		{08DA4593-2251-401F-A08D-E0D604846593}.Debug|Any CPU.Build.0 = Debug|Any CPU
		{08DA4593-2251-401F-A08D-E0D604846593}.Release|Any CPU.ActiveCfg = Release|Any CPU
		{08DA4593-2251-401F-A08D-E0D604846593}.Release|Any CPU.Build.0 = Release|Any CPU
		{6AEDEF0F-55BE-4737-9B95-5A8A0C16A258}.Debug|Any CPU.ActiveCfg = Debug|Any CPU
		{6AEDEF0F-55BE-4737-9B95-5A8A0C16A258}.Debug|Any CPU.Build.0 = Debug|Any CPU
		{6AEDEF0F-55BE-4737-9B95-5A8A0C16A258}.Release|Any CPU.ActiveCfg = Release|Any CPU
		{6AEDEF0F-55BE-4737-9B95-5A8A0C16A258}.Release|Any CPU.Build.0 = Release|Any CPU
		{A34864A6-6CA4-4C21-9356-E07025B6385D}.Debug|Any CPU.ActiveCfg = Debug|Any CPU
		{A34864A6-6CA4-4C21-9356-E07025B6385D}.Debug|Any CPU.Build.0 = Debug|Any CPU
		{A34864A6-6CA4-4C21-9356-E07025B6385D}.Release|Any CPU.ActiveCfg = Release|Any CPU
		{A34864A6-6CA4-4C21-9356-E07025B6385D}.Release|Any CPU.Build.0 = Release|Any CPU
		{B8BA7914-D4FD-4535-85A7-1ABC50747194}.Debug|Any CPU.ActiveCfg = Debug|Any CPU
		{B8BA7914-D4FD-4535-85A7-1ABC50747194}.Debug|Any CPU.Build.0 = Debug|Any CPU
		{B8BA7914-D4FD-4535-85A7-1ABC50747194}.Release|Any CPU.ActiveCfg = Release|Any CPU
		{B8BA7914-D4FD-4535-85A7-1ABC50747194}.Release|Any CPU.Build.0 = Release|Any CPU
		{D3BB22F6-9A8A-4E58-B4CB-A86BF181BABB}.Debug|Any CPU.ActiveCfg = Debug|Any CPU
		{D3BB22F6-9A8A-4E58-B4CB-A86BF181BABB}.Debug|Any CPU.Build.0 = Debug|Any CPU
		{D3BB22F6-9A8A-4E58-B4CB-A86BF181BABB}.Release|Any CPU.ActiveCfg = Release|Any CPU
		{D3BB22F6-9A8A-4E58-B4CB-A86BF181BABB}.Release|Any CPU.Build.0 = Release|Any CPU
		{1AAEF432-F5F2-492C-9CFC-123FA3063FC0}.Debug|Any CPU.ActiveCfg = Debug|Any CPU
		{1AAEF432-F5F2-492C-9CFC-123FA3063FC0}.Debug|Any CPU.Build.0 = Debug|Any CPU
		{1AAEF432-F5F2-492C-9CFC-123FA3063FC0}.Release|Any CPU.ActiveCfg = Release|Any CPU
		{1AAEF432-F5F2-492C-9CFC-123FA3063FC0}.Release|Any CPU.Build.0 = Release|Any CPU
		{6E6BD7C5-191A-4D1E-8AD1-24577B956F37}.Debug|Any CPU.ActiveCfg = Debug|Any CPU
		{6E6BD7C5-191A-4D1E-8AD1-24577B956F37}.Debug|Any CPU.Build.0 = Debug|Any CPU
		{6E6BD7C5-191A-4D1E-8AD1-24577B956F37}.Release|Any CPU.ActiveCfg = Release|Any CPU
		{6E6BD7C5-191A-4D1E-8AD1-24577B956F37}.Release|Any CPU.Build.0 = Release|Any CPU
		{C81D7FE3-08A9-4239-B246-A30A7F86C0DD}.Debug|Any CPU.ActiveCfg = Debug|Any CPU
		{C81D7FE3-08A9-4239-B246-A30A7F86C0DD}.Debug|Any CPU.Build.0 = Debug|Any CPU
		{C81D7FE3-08A9-4239-B246-A30A7F86C0DD}.Release|Any CPU.ActiveCfg = Release|Any CPU
		{C81D7FE3-08A9-4239-B246-A30A7F86C0DD}.Release|Any CPU.Build.0 = Release|Any CPU
	EndGlobalSection
	GlobalSection(SolutionProperties) = preSolution
		HideSolutionNode = FALSE
	EndGlobalSection
	GlobalSection(NestedProjects) = preSolution
		{005FDB2B-F271-4A0C-AA53-B9A7745D0BC6} = {2615EC21-AEE1-46D4-86D4-9057C16F73C6}
		{D242F3E4-0044-49A4-8400-39042F346E33} = {2615EC21-AEE1-46D4-86D4-9057C16F73C6}
		{97D7AFB0-77B1-4B1B-8AF6-C400DCC8B1AA} = {2615EC21-AEE1-46D4-86D4-9057C16F73C6}
		{D7F5569B-37BB-4715-85B2-42599824E53A} = {87A6BD06-8DE5-4197-A7F6-5FEBD3D8029A}
		{335353E6-46AA-41E5-9AD0-3588A9E7EF02} = {87A6BD06-8DE5-4197-A7F6-5FEBD3D8029A}
		{34A2876F-C146-4C9A-8E06-D456982A2835} = {87A6BD06-8DE5-4197-A7F6-5FEBD3D8029A}
		{44DF6AB4-6502-4B7F-BD61-692D9760D432} = {ED232F65-CCEA-49F0-9A19-3C6FB972BA40}
		{B2FE3B92-7D87-4274-B8EB-9116C4372B84} = {ED232F65-CCEA-49F0-9A19-3C6FB972BA40}
		{C06D8185-C955-4826-A1B5-1B5AA5BC7396} = {ED232F65-CCEA-49F0-9A19-3C6FB972BA40}
		{AC4107AF-A261-47EA-B0C6-D46BAC03B979} = {AD01EC39-8CD3-4F55-AE0C-7259491D9258}
		{C3BD8F4B-823A-49D7-8D1E-369A8C478F10} = {AD01EC39-8CD3-4F55-AE0C-7259491D9258}
		{C0974E68-94AB-437F-90BF-CA3E595B516E} = {AD01EC39-8CD3-4F55-AE0C-7259491D9258}
		{F88111CD-ECCE-42DE-8B13-06B096965FB8} = {22CE3937-7FCE-4F5B-A934-9531E9152582}
		{08DA4593-2251-401F-A08D-E0D604846593} = {22CE3937-7FCE-4F5B-A934-9531E9152582}
		{6AEDEF0F-55BE-4737-9B95-5A8A0C16A258} = {22CE3937-7FCE-4F5B-A934-9531E9152582}
		{A34864A6-6CA4-4C21-9356-E07025B6385D} = {EA1532E4-BBA8-44EC-9A73-7672E1956993}
		{B8BA7914-D4FD-4535-85A7-1ABC50747194} = {EA1532E4-BBA8-44EC-9A73-7672E1956993}
		{D3BB22F6-9A8A-4E58-B4CB-A86BF181BABB} = {EA1532E4-BBA8-44EC-9A73-7672E1956993}
		{1AAEF432-F5F2-492C-9CFC-123FA3063FC0} = {60E647D3-875C-440B-AF85-DB6BA5C748B6}
		{6E6BD7C5-191A-4D1E-8AD1-24577B956F37} = {60E647D3-875C-440B-AF85-DB6BA5C748B6}
		{C81D7FE3-08A9-4239-B246-A30A7F86C0DD} = {60E647D3-875C-440B-AF85-DB6BA5C748B6}
	EndGlobalSection
	GlobalSection(ExtensibilityGlobals) = postSolution
		SolutionGuid = {D2D89589-B6A6-495D-B551-5E00BA160917}
	EndGlobalSection
EndGlobal
