
Microsoft Visual Studio Solution File, Format Version 12.00
# Visual Studio Version 16
VisualStudioVersion = 16.0.34031.81
MinimumVisualStudioVersion = 10.0.40219.1
Project("{2150E333-8FDC-42A3-9474-1A3956D46DE8}") = "Task0", "Task0", "{2615EC21-AEE1-46D4-86D4-9057C16F73C6}"
EndProject
Project("{FAE04EC0-301F-11D3-BF4B-00C04F79EFBC}") = "Tyuiu.TretyakovDV.Sprint4.Task0.V22", "Tyuiu.TretyakovDV.Sprint4.Task0.V22\Tyuiu.TretyakovDV.Sprint4.Task0.V22.csproj", "{005FDB2B-F271-4A0C-AA53-B9A7745D0BC6}"
EndProject
Project("{FAE04EC0-301F-11D3-BF4B-00C04F79EFBC}") = "Tyuiu.TretyakovDV.Sprint4.Task0.V22.Test", "Tyuiu.TretyakovDV.Sprint4.Task0.V22.Test\Tyuiu.TretyakovDV.Sprint4.Task0.V22.Test.csproj", "{D242F3E4-0044-49A4-8400-39042F346E33}"
EndProject
Project("{FAE04EC0-301F-11D3-BF4B-00C04F79EFBC}") = "Tyuiu.TretyakovDV.Sprint4.Task0.V22.Lib", "Tyuiu.TretyakovDV.Sprint4.Task0.V22.Lib\Tyuiu.TretyakovDV.Sprint4.Task0.V22.Lib.csproj", "{97D7AFB0-77B1-4B1B-8AF6-C400DCC8B1AA}"
EndProject
Global
	GlobalSection(SolutionConfigurationPlatforms) = preSolution
		Debug|Any CPU = Debug|Any CPU
		Release|Any CPU = Release|Any CPU
	EndGlobalSection
	GlobalSection(ProjectConfigurationPlatforms) = postSolution
		{005FDB2B-F271-4A0C-AA53-B9A7745D0BC6}.Debug|Any CPU.ActiveCfg = Debug|Any CPU
		{005FDB2B-F271-4A0C-AA53-B9A7745D0BC6}.Debug|Any CPU.Build.0 = Debug|Any CPU
		{005FDB2B-F271-4A0C-AA53-B9A7745D0BC6}.Release|Any CPU.ActiveCfg = Release|Any CPU
		{005FDB2B-F271-4A0C-AA53-B9A7745D0BC6}.Release|Any CPU.Build.0 = Release|Any CPU
		{D242F3E4-0044-49A4-8400-39042F346E33}.Debug|Any CPU.ActiveCfg = Debug|Any CPU
		{D242F3E4-0044-49A4-8400-39042F346E33}.Debug|Any CPU.Build.0 = Debug|Any CPU
		{D242F3E4-0044-49A4-8400-39042F346E33}.Release|Any CPU.ActiveCfg = Release|Any CPU
		{D242F3E4-0044-49A4-8400-39042F346E33}.Release|Any CPU.Build.0 = Release|Any CPU
		{97D7AFB0-77B1-4B1B-8AF6-C400DCC8B1AA}.Debug|Any CPU.ActiveCfg = Debug|Any CPU
		{97D7AFB0-77B1-4B1B-8AF6-C400DCC8B1AA}.Debug|Any CPU.Build.0 = Debug|Any CPU
		{97D7AFB0-77B1-4B1B-8AF6-C400DCC8B1AA}.Release|Any CPU.ActiveCfg = Release|Any CPU
		{97D7AFB0-77B1-4B1B-8AF6-C400DCC8B1AA}.Release|Any CPU.Build.0 = Release|Any CPU
	EndGlobalSection
	GlobalSection(SolutionProperties) = preSolution
		HideSolutionNode = FALSE
	EndGlobalSection
	GlobalSection(NestedProjects) = preSolution
		{005FDB2B-F271-4A0C-AA53-B9A7745D0BC6} = {2615EC21-AEE1-46D4-86D4-9057C16F73C6}
		{D242F3E4-0044-49A4-8400-39042F346E33} = {2615EC21-AEE1-46D4-86D4-9057C16F73C6}
		{97D7AFB0-77B1-4B1B-8AF6-C400DCC8B1AA} = {2615EC21-AEE1-46D4-86D4-9057C16F73C6}
	EndGlobalSection
	GlobalSection(ExtensibilityGlobals) = postSolution
		SolutionGuid = {D2D89589-B6A6-495D-B551-5E00BA160917}
	EndGlobalSection
EndGlobal
